
Microsoft Visual Studio Solution File, Format Version 12.00
# Visual Studio Version 17
VisualStudioVersion = 17.9.34723.18
MinimumVisualStudioVersion = 10.0.40219.1
Project("{FAE04EC0-301F-11D3-BF4B-00C04F79EFBC}") = "Abonați telefonici", "Abonați telefonici.csproj", "{B11B2D3A-F5A5-4845-BE67-016CD700F9F4}"
EndProject
Global
	GlobalSection(SolutionConfigurationPlatforms) = preSolution
		Debug|Any CPU = Debug|Any CPU
		Release|Any CPU = Release|Any CPU
	EndGlobalSection
	GlobalSection(ProjectConfigurationPlatforms) = postSolution
		{B11B2D3A-F5A5-4845-BE67-016CD700F9F4}.Debug|Any CPU.ActiveCfg = Debug|Any CPU
		{B11B2D3A-F5A5-4845-BE67-016CD700F9F4}.Debug|Any CPU.Build.0 = Debug|Any CPU
		{B11B2D3A-F5A5-4845-BE67-016CD700F9F4}.Release|Any CPU.ActiveCfg = Release|Any CPU
		{B11B2D3A-F5A5-4845-BE67-016CD700F9F4}.Release|Any CPU.Build.0 = Release|Any CPU
	EndGlobalSection
	GlobalSection(SolutionProperties) = preSolution
		HideSolutionNode = FALSE
	EndGlobalSection
	GlobalSection(ExtensibilityGlobals) = postSolution
		SolutionGuid = {D45454C4-0DAD-48A0-9D4C-8BD11FEC28F1}
	EndGlobalSection
EndGlobal
